
Microsoft Visual Studio Solution File, Format Version 12.00
# Visual Studio Version 16
VisualStudioVersion = 16.0.32510.428
MinimumVisualStudioVersion = 10.0.40219.1
Project("{FAE04EC0-301F-11D3-BF4B-00C04F79EFBC}") = "FirstWebAPIProject", "FirstWebAPIProject\FirstWebAPIProject.csproj", "{F24BED1E-0AC2-4ECB-95E0-F4D38395D0C9}"
EndProject
Global
	GlobalSection(SolutionConfigurationPlatforms) = preSolution
		Debug|Any CPU = Debug|Any CPU
		Release|Any CPU = Release|Any CPU
	EndGlobalSection
	GlobalSection(ProjectConfigurationPlatforms) = postSolution
		{F24BED1E-0AC2-4ECB-95E0-F4D38395D0C9}.Debug|Any CPU.ActiveCfg = Debug|Any CPU
		{F24BED1E-0AC2-4ECB-95E0-F4D38395D0C9}.Debug|Any CPU.Build.0 = Debug|Any CPU
		{F24BED1E-0AC2-4ECB-95E0-F4D38395D0C9}.Release|Any CPU.ActiveCfg = Release|Any CPU
		{F24BED1E-0AC2-4ECB-95E0-F4D38395D0C9}.Release|Any CPU.Build.0 = Release|Any CPU
	EndGlobalSection
	GlobalSection(SolutionProperties) = preSolution
		HideSolutionNode = FALSE
	EndGlobalSection
	GlobalSection(ExtensibilityGlobals) = postSolution
		SolutionGuid = {3F2B74C6-F8E2-4FF2-B4E6-1E8BA92AD613}
	EndGlobalSection
EndGlobal
